// !$*UTF8*$!
{
	archiveVersion = 1;
	classes = {
	};
	objectVersion = 56;
	objects = {

/* Begin PBXBuildFile section */
		DEC00B8E2B8ED503001BE9B1 /* Member.swift in Sources */ = {isa = PBXBuildFile; fileRef = DEC00B8D2B8ED503001BE9B1 /* Member.swift */; };
		DEC00B902B8ED51A001BE9B1 /* DataManager.swift in Sources */ = {isa = PBXBuildFile; fileRef = DEC00B8F2B8ED51A001BE9B1 /* DataManager.swift */; };
		DEC00B962B8F0AAE001BE9B1 /* MemberCell.swift in Sources */ = {isa = PBXBuildFile; fileRef = DEC00B952B8F0AAE001BE9B1 /* MemberCell.swift */; };
		DEECAEB82B8DEC08003775E0 /* AppDelegate.swift in Sources */ = {isa = PBXBuildFile; fileRef = DEECAEB72B8DEC08003775E0 /* AppDelegate.swift */; };
		DEECAEBA2B8DEC08003775E0 /* SceneDelegate.swift in Sources */ = {isa = PBXBuildFile; fileRef = DEECAEB92B8DEC08003775E0 /* SceneDelegate.swift */; };
		DEECAEBC2B8DEC08003775E0 /* ViewController.swift in Sources */ = {isa = PBXBuildFile; fileRef = DEECAEBB2B8DEC08003775E0 /* ViewController.swift */; };
		DEECAEBF2B8DEC08003775E0 /* Main.storyboard in Resources */ = {isa = PBXBuildFile; fileRef = DEECAEBD2B8DEC08003775E0 /* Main.storyboard */; };
		DEECAEC12B8DEC0A003775E0 /* Assets.xcassets in Resources */ = {isa = PBXBuildFile; fileRef = DEECAEC02B8DEC0A003775E0 /* Assets.xcassets */; };
		DEECAEC42B8DEC0A003775E0 /* LaunchScreen.storyboard in Resources */ = {isa = PBXBuildFile; fileRef = DEECAEC22B8DEC0A003775E0 /* LaunchScreen.storyboard */; };
		DEECAECE2B8DEEC2003775E0 /* TableViewController.swift in Sources */ = {isa = PBXBuildFile; fileRef = DEECAECD2B8DEEC2003775E0 /* TableViewController.swift */; };
		DEECAED02B8DFB9E003775E0 /* DetailViewController.swift in Sources */ = {isa = PBXBuildFile; fileRef = DEECAECF2B8DFB9E003775E0 /* DetailViewController.swift */; };
/* End PBXBuildFile section */

/* Begin PBXFileReference section */
		DEC00B8D2B8ED503001BE9B1 /* Member.swift */ = {isa = PBXFileReference; lastKnownFileType = sourcecode.swift; path = Member.swift; sourceTree = "<group>"; };
		DEC00B8F2B8ED51A001BE9B1 /* DataManager.swift */ = {isa = PBXFileReference; lastKnownFileType = sourcecode.swift; path = DataManager.swift; sourceTree = "<group>"; };
		DEC00B952B8F0AAE001BE9B1 /* MemberCell.swift */ = {isa = PBXFileReference; lastKnownFileType = sourcecode.swift; path = MemberCell.swift; sourceTree = "<group>"; };
		DEECAEB42B8DEC08003775E0 /* Team3Info.app */ = {isa = PBXFileReference; explicitFileType = wrapper.application; includeInIndex = 0; path = Team3Info.app; sourceTree = BUILT_PRODUCTS_DIR; };
		DEECAEB72B8DEC08003775E0 /* AppDelegate.swift */ = {isa = PBXFileReference; lastKnownFileType = sourcecode.swift; path = AppDelegate.swift; sourceTree = "<group>"; };
		DEECAEB92B8DEC08003775E0 /* SceneDelegate.swift */ = {isa = PBXFileReference; lastKnownFileType = sourcecode.swift; path = SceneDelegate.swift; sourceTree = "<group>"; };
		DEECAEBB2B8DEC08003775E0 /* ViewController.swift */ = {isa = PBXFileReference; lastKnownFileType = sourcecode.swift; path = ViewController.swift; sourceTree = "<group>"; };
		DEECAEBE2B8DEC08003775E0 /* Base */ = {isa = PBXFileReference; lastKnownFileType = file.storyboard; name = Base; path = Base.lproj/Main.storyboard; sourceTree = "<group>"; };
		DEECAEC02B8DEC0A003775E0 /* Assets.xcassets */ = {isa = PBXFileReference; lastKnownFileType = folder.assetcatalog; path = Assets.xcassets; sourceTree = "<group>"; };
		DEECAEC32B8DEC0A003775E0 /* Base */ = {isa = PBXFileReference; lastKnownFileType = file.storyboard; name = Base; path = Base.lproj/LaunchScreen.storyboard; sourceTree = "<group>"; };
		DEECAEC52B8DEC0A003775E0 /* Info.plist */ = {isa = PBXFileReference; lastKnownFileType = text.plist.xml; path = Info.plist; sourceTree = "<group>"; };
		DEECAECD2B8DEEC2003775E0 /* TableViewController.swift */ = {isa = PBXFileReference; lastKnownFileType = sourcecode.swift; path = TableViewController.swift; sourceTree = "<group>"; };
		DEECAECF2B8DFB9E003775E0 /* DetailViewController.swift */ = {isa = PBXFileReference; lastKnownFileType = sourcecode.swift; path = DetailViewController.swift; sourceTree = "<group>"; };
/* End PBXFileReference section */

/* Begin PBXFrameworksBuildPhase section */
		DEECAEB12B8DEC08003775E0 /* Frameworks */ = {
			isa = PBXFrameworksBuildPhase;
			buildActionMask = 2147483647;
			files = (
			);
			runOnlyForDeploymentPostprocessing = 0;
		};
/* End PBXFrameworksBuildPhase section */

/* Begin PBXGroup section */
		DEC00B8A2B8ED370001BE9B1 /* Controllers */ = {
			isa = PBXGroup;
			children = (
				DEECAEBB2B8DEC08003775E0 /* ViewController.swift */,
				DEECAECD2B8DEEC2003775E0 /* TableViewController.swift */,
				DEECAECF2B8DFB9E003775E0 /* DetailViewController.swift */,
			);
			path = Controllers;
			sourceTree = "<group>";
		};
		DEC00B8B2B8ED387001BE9B1 /* Views */ = {
			isa = PBXGroup;
			children = (
				DEECAEBD2B8DEC08003775E0 /* Main.storyboard */,
				DEC00B952B8F0AAE001BE9B1 /* MemberCell.swift */,
			);
			path = Views;
			sourceTree = "<group>";
		};
		DEC00B8C2B8ED394001BE9B1 /* Models */ = {
			isa = PBXGroup;
			children = (
				DEC00B8D2B8ED503001BE9B1 /* Member.swift */,
				DEC00B8F2B8ED51A001BE9B1 /* DataManager.swift */,
			);
			path = Models;
			sourceTree = "<group>";
		};
		DEECAEAB2B8DEC08003775E0 = {
			isa = PBXGroup;
			children = (
				DEECAEB62B8DEC08003775E0 /* Team3Info */,
				DEECAEB52B8DEC08003775E0 /* Products */,
			);
			sourceTree = "<group>";
		};
		DEECAEB52B8DEC08003775E0 /* Products */ = {
			isa = PBXGroup;
			children = (
				DEECAEB42B8DEC08003775E0 /* Team3Info.app */,
			);
			name = Products;
			sourceTree = "<group>";
		};
		DEECAEB62B8DEC08003775E0 /* Team3Info */ = {
			isa = PBXGroup;
			children = (
				DEECAEB72B8DEC08003775E0 /* AppDelegate.swift */,
				DEECAEB92B8DEC08003775E0 /* SceneDelegate.swift */,
				DEC00B8C2B8ED394001BE9B1 /* Models */,
				DEC00B8B2B8ED387001BE9B1 /* Views */,
				DEC00B8A2B8ED370001BE9B1 /* Controllers */,
				DEECAEC02B8DEC0A003775E0 /* Assets.xcassets */,
				DEECAEC22B8DEC0A003775E0 /* LaunchScreen.storyboard */,
				DEECAEC52B8DEC0A003775E0 /* Info.plist */,
			);
			path = Team3Info;
			sourceTree = "<group>";
		};
/* End PBXGroup section */

/* Begin PBXNativeTarget section */
		DEECAEB32B8DEC08003775E0 /* Team3Info */ = {
			isa = PBXNativeTarget;
			buildConfigurationList = DEECAEC82B8DEC0A003775E0 /* Build configuration list for PBXNativeTarget "Team3Info" */;
			buildPhases = (
				DEECAEB02B8DEC08003775E0 /* Sources */,
				DEECAEB12B8DEC08003775E0 /* Frameworks */,
				DEECAEB22B8DEC08003775E0 /* Resources */,
			);
			buildRules = (
			);
			dependencies = (
			);
			name = Team3Info;
			productName = Team3Info;
			productReference = DEECAEB42B8DEC08003775E0 /* Team3Info.app */;
			productType = "com.apple.product-type.application";
		};
/* End PBXNativeTarget section */

/* Begin PBXProject section */
		DEECAEAC2B8DEC08003775E0 /* Project object */ = {
			isa = PBXProject;
			attributes = {
				BuildIndependentTargetsInParallel = 1;
				LastSwiftUpdateCheck = 1520;
				LastUpgradeCheck = 1520;
				TargetAttributes = {
					DEECAEB32B8DEC08003775E0 = {
						CreatedOnToolsVersion = 15.2;
					};
				};
			};
			buildConfigurationList = DEECAEAF2B8DEC08003775E0 /* Build configuration list for PBXProject "Team3Info" */;
			compatibilityVersion = "Xcode 14.0";
			developmentRegion = en;
			hasScannedForEncodings = 0;
			knownRegions = (
				en,
				Base,
			);
			mainGroup = DEECAEAB2B8DEC08003775E0;
			productRefGroup = DEECAEB52B8DEC08003775E0 /* Products */;
			projectDirPath = "";
			projectRoot = "";
			targets = (
				DEECAEB32B8DEC08003775E0 /* Team3Info */,
			);
		};
/* End PBXProject section */

/* Begin PBXResourcesBuildPhase section */
		DEECAEB22B8DEC08003775E0 /* Resources */ = {
			isa = PBXResourcesBuildPhase;
			buildActionMask = 2147483647;
			files = (
				DEECAEC42B8DEC0A003775E0 /* LaunchScreen.storyboard in Resources */,
				DEECAEC12B8DEC0A003775E0 /* Assets.xcassets in Resources */,
				DEECAEBF2B8DEC08003775E0 /* Main.storyboard in Resources */,
			);
			runOnlyForDeploymentPostprocessing = 0;
		};
/* End PBXResourcesBuildPhase section */

/* Begin PBXSourcesBuildPhase section */
		DEECAEB02B8DEC08003775E0 /* Sources */ = {
			isa = PBXSourcesBuildPhase;
			buildActionMask = 2147483647;
			files = (
				DEC00B962B8F0AAE001BE9B1 /* MemberCell.swift in Sources */,
				DEECAEBC2B8DEC08003775E0 /* ViewController.swift in Sources */,
				DEC00B8E2B8ED503001BE9B1 /* Member.swift in Sources */,
				DEECAEB82B8DEC08003775E0 /* AppDelegate.swift in Sources */,
				DEC00B902B8ED51A001BE9B1 /* DataManager.swift in Sources */,
				DEECAED02B8DFB9E003775E0 /* DetailViewController.swift in Sources */,
				DEECAEBA2B8DEC08003775E0 /* SceneDelegate.swift in Sources */,
				DEECAECE2B8DEEC2003775E0 /* TableViewController.swift in Sources */,
			);
			runOnlyForDeploymentPostprocessing = 0;
		};
/* End PBXSourcesBuildPhase section */

/* Begin PBXVariantGroup section */
		DEECAEBD2B8DEC08003775E0 /* Main.storyboard */ = {
			isa = PBXVariantGroup;
			children = (
				DEECAEBE2B8DEC08003775E0 /* Base */,
			);
			name = Main.storyboard;
			sourceTree = "<group>";
		};
		DEECAEC22B8DEC0A003775E0 /* LaunchScreen.storyboard */ = {
			isa = PBXVariantGroup;
			children = (
				DEECAEC32B8DEC0A003775E0 /* Base */,
			);
			name = LaunchScreen.storyboard;
			sourceTree = "<group>";
		};
/* End PBXVariantGroup section */

/* Begin XCBuildConfiguration section */
		DEECAEC62B8DEC0A003775E0 /* Debug */ = {
			isa = XCBuildConfiguration;
			buildSettings = {
				ALWAYS_SEARCH_USER_PATHS = NO;
				ASSETCATALOG_COMPILER_GENERATE_SWIFT_ASSET_SYMBOL_EXTENSIONS = YES;
				CLANG_ANALYZER_NONNULL = YES;
				CLANG_ANALYZER_NUMBER_OBJECT_CONVERSION = YES_AGGRESSIVE;
				CLANG_CXX_LANGUAGE_STANDARD = "gnu++20";
				CLANG_ENABLE_MODULES = YES;
				CLANG_ENABLE_OBJC_ARC = YES;
				CLANG_ENABLE_OBJC_WEAK = YES;
				CLANG_WARN_BLOCK_CAPTURE_AUTORELEASING = YES;
				CLANG_WARN_BOOL_CONVERSION = YES;
				CLANG_WARN_COMMA = YES;
				CLANG_WARN_CONSTANT_CONVERSION = YES;
				CLANG_WARN_DEPRECATED_OBJC_IMPLEMENTATIONS = YES;
				CLANG_WARN_DIRECT_OBJC_ISA_USAGE = YES_ERROR;
				CLANG_WARN_DOCUMENTATION_COMMENTS = YES;
				CLANG_WARN_EMPTY_BODY = YES;
				CLANG_WARN_ENUM_CONVERSION = YES;
				CLANG_WARN_INFINITE_RECURSION = YES;
				CLANG_WARN_INT_CONVERSION = YES;
				CLANG_WARN_NON_LITERAL_NULL_CONVERSION = YES;
				CLANG_WARN_OBJC_IMPLICIT_RETAIN_SELF = YES;
				CLANG_WARN_OBJC_LITERAL_CONVERSION = YES;
				CLANG_WARN_OBJC_ROOT_CLASS = YES_ERROR;
				CLANG_WARN_QUOTED_INCLUDE_IN_FRAMEWORK_HEADER = YES;
				CLANG_WARN_RANGE_LOOP_ANALYSIS = YES;
				CLANG_WARN_STRICT_PROTOTYPES = YES;
				CLANG_WARN_SUSPICIOUS_MOVE = YES;
				CLANG_WARN_UNGUARDED_AVAILABILITY = YES_AGGRESSIVE;
				CLANG_WARN_UNREACHABLE_CODE = YES;
				CLANG_WARN__DUPLICATE_METHOD_MATCH = YES;
				COPY_PHASE_STRIP = NO;
				DEBUG_INFORMATION_FORMAT = dwarf;
				ENABLE_STRICT_OBJC_MSGSEND = YES;
				ENABLE_TESTABILITY = YES;
				ENABLE_USER_SCRIPT_SANDBOXING = YES;
				GCC_C_LANGUAGE_STANDARD = gnu17;
				GCC_DYNAMIC_NO_PIC = NO;
				GCC_NO_COMMON_BLOCKS = YES;
				GCC_OPTIMIZATION_LEVEL = 0;
				GCC_PREPROCESSOR_DEFINITIONS = (
					"DEBUG=1",
					"$(inherited)",
				);
				GCC_WARN_64_TO_32_BIT_CONVERSION = YES;
				GCC_WARN_ABOUT_RETURN_TYPE = YES_ERROR;
				GCC_WARN_UNDECLARED_SELECTOR = YES;
				GCC_WARN_UNINITIALIZED_AUTOS = YES_AGGRESSIVE;
				GCC_WARN_UNUSED_FUNCTION = YES;
				GCC_WARN_UNUSED_VARIABLE = YES;
				IPHONEOS_DEPLOYMENT_TARGET = 17.2;
				LOCALIZATION_PREFERS_STRING_CATALOGS = YES;
				MTL_ENABLE_DEBUG_INFO = INCLUDE_SOURCE;
				MTL_FAST_MATH = YES;
				ONLY_ACTIVE_ARCH = YES;
				SDKROOT = iphoneos;
				SWIFT_ACTIVE_COMPILATION_CONDITIONS = "DEBUG $(inherited)";
				SWIFT_OPTIMIZATION_LEVEL = "-Onone";
			};
			name = Debug;
		};
		DEECAEC72B8DEC0A003775E0 /* Release */ = {
			isa = XCBuildConfiguration;
			buildSettings = {
				ALWAYS_SEARCH_USER_PATHS = NO;
				ASSETCATALOG_COMPILER_GENERATE_SWIFT_ASSET_SYMBOL_EXTENSIONS = YES;
				CLANG_ANALYZER_NONNULL = YES;
				CLANG_ANALYZER_NUMBER_OBJECT_CONVERSION = YES_AGGRESSIVE;
				CLANG_CXX_LANGUAGE_STANDARD = "gnu++20";
				CLANG_ENABLE_MODULES = YES;
				CLANG_ENABLE_OBJC_ARC = YES;
				CLANG_ENABLE_OBJC_WEAK = YES;
				CLANG_WARN_BLOCK_CAPTURE_AUTORELEASING = YES;
				CLANG_WARN_BOOL_CONVERSION = YES;
				CLANG_WARN_COMMA = YES;
				CLANG_WARN_CONSTANT_CONVERSION = YES;
				CLANG_WARN_DEPRECATED_OBJC_IMPLEMENTATIONS = YES;
				CLANG_WARN_DIRECT_OBJC_ISA_USAGE = YES_ERROR;
				CLANG_WARN_DOCUMENTATION_COMMENTS = YES;
				CLANG_WARN_EMPTY_BODY = YES;
				CLANG_WARN_ENUM_CONVERSION = YES;
				CLANG_WARN_INFINITE_RECURSION = YES;
				CLANG_WARN_INT_CONVERSION = YES;
				CLANG_WARN_NON_LITERAL_NULL_CONVERSION = YES;
				CLANG_WARN_OBJC_IMPLICIT_RETAIN_SELF = YES;
				CLANG_WARN_OBJC_LITERAL_CONVERSION = YES;
				CLANG_WARN_OBJC_ROOT_CLASS = YES_ERROR;
				CLANG_WARN_QUOTED_INCLUDE_IN_FRAMEWORK_HEADER = YES;
				CLANG_WARN_RANGE_LOOP_ANALYSIS = YES;
				CLANG_WARN_STRICT_PROTOTYPES = YES;
				CLANG_WARN_SUSPICIOUS_MOVE = YES;
				CLANG_WARN_UNGUARDED_AVAILABILITY = YES_AGGRESSIVE;
				CLANG_WARN_UNREACHABLE_CODE = YES;
				CLANG_WARN__DUPLICATE_METHOD_MATCH = YES;
				COPY_PHASE_STRIP = NO;
				DEBUG_INFORMATION_FORMAT = "dwarf-with-dsym";
				ENABLE_NS_ASSERTIONS = NO;
				ENABLE_STRICT_OBJC_MSGSEND = YES;
				ENABLE_USER_SCRIPT_SANDBOXING = YES;
				GCC_C_LANGUAGE_STANDARD = gnu17;
				GCC_NO_COMMON_BLOCKS = YES;
				GCC_WARN_64_TO_32_BIT_CONVERSION = YES;
				GCC_WARN_ABOUT_RETURN_TYPE = YES_ERROR;
				GCC_WARN_UNDECLARED_SELECTOR = YES;
				GCC_WARN_UNINITIALIZED_AUTOS = YES_AGGRESSIVE;
				GCC_WARN_UNUSED_FUNCTION = YES;
				GCC_WARN_UNUSED_VARIABLE = YES;
				IPHONEOS_DEPLOYMENT_TARGET = 17.2;
				LOCALIZATION_PREFERS_STRING_CATALOGS = YES;
				MTL_ENABLE_DEBUG_INFO = NO;
				MTL_FAST_MATH = YES;
				SDKROOT = iphoneos;
				SWIFT_COMPILATION_MODE = wholemodule;
				VALIDATE_PRODUCT = YES;
			};
			name = Release;
		};
		DEECAEC92B8DEC0A003775E0 /* Debug */ = {
			isa = XCBuildConfiguration;
			buildSettings = {
				ASSETCATALOG_COMPILER_APPICON_NAME = AppIcon;
				ASSETCATALOG_COMPILER_GLOBAL_ACCENT_COLOR_NAME = AccentColor;
				CODE_SIGN_STYLE = Automatic;
				CURRENT_PROJECT_VERSION = 1;
				DEVELOPMENT_TEAM = 694BMG973X;
				GENERATE_INFOPLIST_FILE = YES;
				INFOPLIST_FILE = Team3Info/Info.plist;
				INFOPLIST_KEY_UIApplicationSupportsIndirectInputEvents = YES;
				INFOPLIST_KEY_UILaunchStoryboardName = LaunchScreen;
				INFOPLIST_KEY_UIMainStoryboardFile = Main;
				INFOPLIST_KEY_UISupportedInterfaceOrientations = UIInterfaceOrientationPortrait;
				INFOPLIST_KEY_UISupportedInterfaceOrientations_iPad = "UIInterfaceOrientationLandscapeLeft UIInterfaceOrientationLandscapeRight UIInterfaceOrientationPortrait UIInterfaceOrientationPortraitUpsideDown";
				IPHONEOS_DEPLOYMENT_TARGET = 13.0;
				LD_RUNPATH_SEARCH_PATHS = (
					"$(inherited)",
					"@executable_path/Frameworks",
				);
				MARKETING_VERSION = 1.0;
				PRODUCT_BUNDLE_IDENTIFIER = com.github.Chynmn.Team3Info;
				PRODUCT_NAME = "$(TARGET_NAME)";
				SUPPORTED_PLATFORMS = "iphoneos iphonesimulator";
				SUPPORTS_MACCATALYST = NO;
				SUPPORTS_MAC_DESIGNED_FOR_IPHONE_IPAD = NO;
				SUPPORTS_XR_DESIGNED_FOR_IPHONE_IPAD = NO;
				SWIFT_EMIT_LOC_STRINGS = YES;
				SWIFT_VERSION = 5.0;
				TARGETED_DEVICE_FAMILY = 1;
			};
			name = Debug;
		};
		DEECAECA2B8DEC0A003775E0 /* Release */ = {
			isa = XCBuildConfiguration;
			buildSettings = {
				ASSETCATALOG_COMPILER_APPICON_NAME = AppIcon;
				ASSETCATALOG_COMPILER_GLOBAL_ACCENT_COLOR_NAME = AccentColor;
				CODE_SIGN_STYLE = Automatic;
				CURRENT_PROJECT_VERSION = 1;
				DEVELOPMENT_TEAM = 694BMG973X;
				GENERATE_INFOPLIST_FILE = YES;
				INFOPLIST_FILE = Team3Info/Info.plist;
				INFOPLIST_KEY_UIApplicationSupportsIndirectInputEvents = YES;
				INFOPLIST_KEY_UILaunchStoryboardName = LaunchScreen;
				INFOPLIST_KEY_UIMainStoryboardFile = Main;
				INFOPLIST_KEY_UISupportedInterfaceOrientations = UIInterfaceOrientationPortrait;
				INFOPLIST_KEY_UISupportedInterfaceOrientations_iPad = "UIInterfaceOrientationLandscapeLeft UIInterfaceOrientationLandscapeRight UIInterfaceOrientationPortrait UIInterfaceOrientationPortraitUpsideDown";
				IPHONEOS_DEPLOYMENT_TARGET = 13.0;
				LD_RUNPATH_SEARCH_PATHS = (
					"$(inherited)",
					"@executable_path/Frameworks",
				);
				MARKETING_VERSION = 1.0;
				PRODUCT_BUNDLE_IDENTIFIER = com.github.Chynmn.Team3Info;
				PRODUCT_NAME = "$(TARGET_NAME)";
				SUPPORTED_PLATFORMS = "iphoneos iphonesimulator";
				SUPPORTS_MACCATALYST = NO;
				SUPPORTS_MAC_DESIGNED_FOR_IPHONE_IPAD = NO;
				SUPPORTS_XR_DESIGNED_FOR_IPHONE_IPAD = NO;
				SWIFT_EMIT_LOC_STRINGS = YES;
				SWIFT_VERSION = 5.0;
				TARGETED_DEVICE_FAMILY = 1;
			};
			name = Release;
		};
/* End XCBuildConfiguration section */

/* Begin XCConfigurationList section */
		DEECAEAF2B8DEC08003775E0 /* Build configuration list for PBXProject "Team3Info" */ = {
			isa = XCConfigurationList;
			buildConfigurations = (
				DEECAEC62B8DEC0A003775E0 /* Debug */,
				DEECAEC72B8DEC0A003775E0 /* Release */,
			);
			defaultConfigurationIsVisible = 0;
			defaultConfigurationName = Release;
		};
		DEECAEC82B8DEC0A003775E0 /* Build configuration list for PBXNativeTarget "Team3Info" */ = {
			isa = XCConfigurationList;
			buildConfigurations = (
				DEECAEC92B8DEC0A003775E0 /* Debug */,
				DEECAECA2B8DEC0A003775E0 /* Release */,
			);
			defaultConfigurationIsVisible = 0;
			defaultConfigurationName = Release;
		};
/* End XCConfigurationList section */
	};
	rootObject = DEECAEAC2B8DEC08003775E0 /* Project object */;
}
